
Microsoft Visual Studio Solution File, Format Version 12.00
# Visual Studio Version 17
VisualStudioVersion = 17.5.33414.496
MinimumVisualStudioVersion = 10.0.40219.1
Project("{8BC9CEB8-8B4A-11D0-8D11-00A0C91BC942}") = "ДЗ 7. Задача 1. Препроцессорные директивы", "ДЗ 7. Задача 1. Препроцессорные директивы.vcxproj", "{ED41DFBC-818E-480D-B299-2F5859CDC649}"
EndProject
Global
	GlobalSection(SolutionConfigurationPlatforms) = preSolution
		Debug|x64 = Debug|x64
		Debug|x86 = Debug|x86
		Release|x64 = Release|x64
		Release|x86 = Release|x86
	EndGlobalSection
	GlobalSection(ProjectConfigurationPlatforms) = postSolution
		{ED41DFBC-818E-480D-B299-2F5859CDC649}.Debug|x64.ActiveCfg = Debug|x64
		{ED41DFBC-818E-480D-B299-2F5859CDC649}.Debug|x64.Build.0 = Debug|x64
		{ED41DFBC-818E-480D-B299-2F5859CDC649}.Debug|x86.ActiveCfg = Debug|Win32
		{ED41DFBC-818E-480D-B299-2F5859CDC649}.Debug|x86.Build.0 = Debug|Win32
		{ED41DFBC-818E-480D-B299-2F5859CDC649}.Release|x64.ActiveCfg = Release|x64
		{ED41DFBC-818E-480D-B299-2F5859CDC649}.Release|x64.Build.0 = Release|x64
		{ED41DFBC-818E-480D-B299-2F5859CDC649}.Release|x86.ActiveCfg = Release|Win32
		{ED41DFBC-818E-480D-B299-2F5859CDC649}.Release|x86.Build.0 = Release|Win32
	EndGlobalSection
	GlobalSection(SolutionProperties) = preSolution
		HideSolutionNode = FALSE
	EndGlobalSection
	GlobalSection(ExtensibilityGlobals) = postSolution
		SolutionGuid = {96A82939-74BD-4F59-B053-0049F5E26779}
	EndGlobalSection
EndGlobal
